
Microsoft Visual Studio Solution File, Format Version 12.00
# Visual Studio Version 17
VisualStudioVersion = 17.9.34701.34
MinimumVisualStudioVersion = 10.0.40219.1
Project("{FAE04EC0-301F-11D3-BF4B-00C04F79EFBC}") = "WebApplication1PP", "WebApplication1PP\WebApplication1PP.csproj", "{F54085E7-4327-4F06-91B1-FDDC6C72756B}"
EndProject
Global
	GlobalSection(SolutionConfigurationPlatforms) = preSolution
		Debug|Any CPU = Debug|Any CPU
		Release|Any CPU = Release|Any CPU
	EndGlobalSection
	GlobalSection(ProjectConfigurationPlatforms) = postSolution
		{F54085E7-4327-4F06-91B1-FDDC6C72756B}.Debug|Any CPU.ActiveCfg = Debug|Any CPU
		{F54085E7-4327-4F06-91B1-FDDC6C72756B}.Debug|Any CPU.Build.0 = Debug|Any CPU
		{F54085E7-4327-4F06-91B1-FDDC6C72756B}.Release|Any CPU.ActiveCfg = Release|Any CPU
		{F54085E7-4327-4F06-91B1-FDDC6C72756B}.Release|Any CPU.Build.0 = Release|Any CPU
	EndGlobalSection
	GlobalSection(SolutionProperties) = preSolution
		HideSolutionNode = FALSE
	EndGlobalSection
	GlobalSection(ExtensibilityGlobals) = postSolution
		SolutionGuid = {4C1A4222-B04F-4F93-9883-97DA5366C848}
	EndGlobalSection
EndGlobal
